
Microsoft Visual Studio Solution File, Format Version 12.00
# Visual Studio 14
VisualStudioVersion = 14.0.23107.0
MinimumVisualStudioVersion = 10.0.40219.1
Project("{FAE04EC0-301F-11D3-BF4B-00C04F79EFBC}") = "ORM", "ORM\ORM.csproj", "{AF59126A-FE68-4034-ADF3-DD51BBA82201}"
EndProject
Project("{FAE04EC0-301F-11D3-BF4B-00C04F79EFBC}") = "MvcPL", "MvcPL\MvcPL.csproj", "{99BD8C05-6014-4B4C-A133-A2C9E1E001D4}"
EndProject
Project("{FAE04EC0-301F-11D3-BF4B-00C04F79EFBC}") = "DAL", "DAL\DAL.csproj", "{5EA92033-EDD3-44CF-9DF2-ABD5B9B5D953}"
EndProject
Project("{FAE04EC0-301F-11D3-BF4B-00C04F79EFBC}") = "DAL.Interfaces", "DAL.Interfaces\DAL.Interfaces.csproj", "{D39EB30C-C577-4DB5-A365-85630EF90FF6}"
EndProject
Project("{FAE04EC0-301F-11D3-BF4B-00C04F79EFBC}") = "BLL", "BLL\BLL.csproj", "{0CD6694E-D2EE-413B-B04D-C338A8BA2F7E}"
EndProject
Project("{FAE04EC0-301F-11D3-BF4B-00C04F79EFBC}") = "BLL.Interfaces", "BLL.Interfaces\BLL.Interfaces.csproj", "{4282AFB0-3D30-4DBC-8B2A-9E9E4A1B2C91}"
EndProject
Project("{FAE04EC0-301F-11D3-BF4B-00C04F79EFBC}") = "DependencyResolver", "DependencyResolver\DependencyResolver.csproj", "{1CFAAA51-0AE4-48F2-8D17-47BB0B8701FA}"
EndProject
Global
	GlobalSection(SolutionConfigurationPlatforms) = preSolution
		Debug|Any CPU = Debug|Any CPU
		Release|Any CPU = Release|Any CPU
	EndGlobalSection
	GlobalSection(ProjectConfigurationPlatforms) = postSolution
		{AF59126A-FE68-4034-ADF3-DD51BBA82201}.Debug|Any CPU.ActiveCfg = Debug|Any CPU
		{AF59126A-FE68-4034-ADF3-DD51BBA82201}.Debug|Any CPU.Build.0 = Debug|Any CPU
		{AF59126A-FE68-4034-ADF3-DD51BBA82201}.Release|Any CPU.ActiveCfg = Release|Any CPU
		{AF59126A-FE68-4034-ADF3-DD51BBA82201}.Release|Any CPU.Build.0 = Release|Any CPU
		{99BD8C05-6014-4B4C-A133-A2C9E1E001D4}.Debug|Any CPU.ActiveCfg = Debug|Any CPU
		{99BD8C05-6014-4B4C-A133-A2C9E1E001D4}.Debug|Any CPU.Build.0 = Debug|Any CPU
		{99BD8C05-6014-4B4C-A133-A2C9E1E001D4}.Release|Any CPU.ActiveCfg = Release|Any CPU
		{99BD8C05-6014-4B4C-A133-A2C9E1E001D4}.Release|Any CPU.Build.0 = Release|Any CPU
		{5EA92033-EDD3-44CF-9DF2-ABD5B9B5D953}.Debug|Any CPU.ActiveCfg = Debug|Any CPU
		{5EA92033-EDD3-44CF-9DF2-ABD5B9B5D953}.Debug|Any CPU.Build.0 = Debug|Any CPU
		{5EA92033-EDD3-44CF-9DF2-ABD5B9B5D953}.Release|Any CPU.ActiveCfg = Release|Any CPU
		{5EA92033-EDD3-44CF-9DF2-ABD5B9B5D953}.Release|Any CPU.Build.0 = Release|Any CPU
		{D39EB30C-C577-4DB5-A365-85630EF90FF6}.Debug|Any CPU.ActiveCfg = Debug|Any CPU
		{D39EB30C-C577-4DB5-A365-85630EF90FF6}.Debug|Any CPU.Build.0 = Debug|Any CPU
		{D39EB30C-C577-4DB5-A365-85630EF90FF6}.Release|Any CPU.ActiveCfg = Release|Any CPU
		{D39EB30C-C577-4DB5-A365-85630EF90FF6}.Release|Any CPU.Build.0 = Release|Any CPU
		{0CD6694E-D2EE-413B-B04D-C338A8BA2F7E}.Debug|Any CPU.ActiveCfg = Debug|Any CPU
		{0CD6694E-D2EE-413B-B04D-C338A8BA2F7E}.Debug|Any CPU.Build.0 = Debug|Any CPU
		{0CD6694E-D2EE-413B-B04D-C338A8BA2F7E}.Release|Any CPU.ActiveCfg = Release|Any CPU
		{0CD6694E-D2EE-413B-B04D-C338A8BA2F7E}.Release|Any CPU.Build.0 = Release|Any CPU
		{4282AFB0-3D30-4DBC-8B2A-9E9E4A1B2C91}.Debug|Any CPU.ActiveCfg = Debug|Any CPU
		{4282AFB0-3D30-4DBC-8B2A-9E9E4A1B2C91}.Debug|Any CPU.Build.0 = Debug|Any CPU
		{4282AFB0-3D30-4DBC-8B2A-9E9E4A1B2C91}.Release|Any CPU.ActiveCfg = Release|Any CPU
		{4282AFB0-3D30-4DBC-8B2A-9E9E4A1B2C91}.Release|Any CPU.Build.0 = Release|Any CPU
		{1CFAAA51-0AE4-48F2-8D17-47BB0B8701FA}.Debug|Any CPU.ActiveCfg = Debug|Any CPU
		{1CFAAA51-0AE4-48F2-8D17-47BB0B8701FA}.Debug|Any CPU.Build.0 = Debug|Any CPU
		{1CFAAA51-0AE4-48F2-8D17-47BB0B8701FA}.Release|Any CPU.ActiveCfg = Release|Any CPU
		{1CFAAA51-0AE4-48F2-8D17-47BB0B8701FA}.Release|Any CPU.Build.0 = Release|Any CPU
	EndGlobalSection
	GlobalSection(SolutionProperties) = preSolution
		HideSolutionNode = FALSE
	EndGlobalSection
EndGlobal
